{
    "name": "release-candidate-testing-nodejs",
    "version": "1.0.0",
    "lockfileVersion": 3,
    "requires": true,
    "packages": {
        "": {
            "name": "release-candidate-testing-nodejs",
            "version": "1.0.0",
            "license": "Apache-2.0",
            "dependencies": {
                "@valkey/valkey-glide": "latest",
                "typescript": "^5"
            },
            "devDependencies": {
                "prettier": "^3"
            }
        },
        "node_modules/@protobufjs/aspromise": {
            "version": "1.1.2",
            "resolved": "https://registry.npmjs.org/@protobufjs/aspromise/-/aspromise-1.1.2.tgz",
            "integrity": "sha512-j+gKExEuLmKwvz3OgROXtrJ2UG2x8Ch2YZUxahh+s1F2HZ+wAceUNLkvy6zKCPVRkU++ZWQrdxsUeQXmcg4uoQ==",
            "license": "BSD-3-Clause"
        },
        "node_modules/@protobufjs/base64": {
            "version": "1.1.2",
            "resolved": "https://registry.npmjs.org/@protobufjs/base64/-/base64-1.1.2.tgz",
            "integrity": "sha512-AZkcAA5vnN/v4PDqKyMR5lx7hZttPDgClv83E//FMNhR2TMcLUhfRUBHCmSl0oi9zMgDDqRUJkSxO3wm85+XLg==",
            "license": "BSD-3-Clause"
        },
        "node_modules/@protobufjs/codegen": {
            "version": "2.0.5",
            "resolved": "https://registry.npmjs.org/@protobufjs/codegen/-/codegen-2.0.5.tgz",
            "integrity": "sha512-zgXFLzW3Ap33e6d0Wlj4MGIm6Ce8O89n/apUaGNB/jx+hw+ruWEp7EwGUshdLKVRCxZW12fp9r40E1mQrf/34g==",
            "license": "BSD-3-Clause"
        },
        "node_modules/@protobufjs/eventemitter": {
            "version": "1.1.0",
            "resolved": "https://registry.npmjs.org/@protobufjs/eventemitter/-/eventemitter-1.1.0.tgz",
            "integrity": "sha512-j9ednRT81vYJ9OfVuXG6ERSTdEL1xVsNgqpkxMsbIabzSo3goCjDIveeGv5d03om39ML71RdmrGNjG5SReBP/Q==",
            "license": "BSD-3-Clause"
        },
        "node_modules/@protobufjs/fetch": {
            "version": "1.1.1",
            "resolved": "https://registry.npmjs.org/@protobufjs/fetch/-/fetch-1.1.1.tgz",
            "integrity": "sha512-GpptLrs57adMSuHi3VNj0mAF8dwh36LMaYF6XyJ6JMWlVsc+t42tm1HSEDmOs3A8fC9yyeisgLhsTVQokOZ0zw==",
            "license": "BSD-3-Clause",
            "dependencies": {
                "@protobufjs/aspromise": "^1.1.1"
            }
        },
        "node_modules/@protobufjs/float": {
            "version": "1.0.2",
            "resolved": "https://registry.npmjs.org/@protobufjs/float/-/float-1.0.2.tgz",
            "integrity": "sha512-Ddb+kVXlXst9d+R9PfTIxh1EdNkgoRe5tOX6t01f1lYWOvJnSPDBlG241QLzcyPdoNTsblLUdujGSE4RzrTZGQ==",
            "license": "BSD-3-Clause"
        },
        "node_modules/@protobufjs/inquire": {
            "version": "1.1.2",
            "resolved": "https://registry.npmjs.org/@protobufjs/inquire/-/inquire-1.1.2.tgz",
            "integrity": "sha512-pa0vFRuws4wkvaXKK1uXZMAwAX4/t8ANaJo45iw/oQHNQ9q5xUzwgFmVJGXiga2BeN+zpX7Vf9vmsiIa2J+MUw==",
            "license": "BSD-3-Clause"
        },
        "node_modules/@protobufjs/path": {
            "version": "1.1.2",
            "resolved": "https://registry.npmjs.org/@protobufjs/path/-/path-1.1.2.tgz",
            "integrity": "sha512-6JOcJ5Tm08dOHAbdR3GrvP+yUUfkjG5ePsHYczMFLq3ZmMkAD98cDgcT2iA1lJ9NVwFd4tH/iSSoe44YWkltEA==",
            "license": "BSD-3-Clause"
        },
        "node_modules/@protobufjs/pool": {
            "version": "1.1.0",
            "resolved": "https://registry.npmjs.org/@protobufjs/pool/-/pool-1.1.0.tgz",
            "integrity": "sha512-0kELaGSIDBKvcgS4zkjz1PeddatrjYcmMWOlAuAPwAeccUrPHdUqo/J6LiymHHEiJT5NrF1UVwxY14f+fy4WQw==",
            "license": "BSD-3-Clause"
        },
        "node_modules/@protobufjs/utf8": {
            "version": "1.1.1",
            "resolved": "https://registry.npmjs.org/@protobufjs/utf8/-/utf8-1.1.1.tgz",
            "integrity": "sha512-oOAWABowe8EAbMyWKM0tYDKi8Yaox52D+HWZhAIJqQXbqe0xI/GV7FhLWqlEKreMkfDjshR5FKgi3mnle0h6Eg==",
            "license": "BSD-3-Clause"
        },
        "node_modules/@types/node": {
            "version": "25.6.0",
            "resolved": "https://registry.npmjs.org/@types/node/-/node-25.6.0.tgz",
            "integrity": "sha512-+qIYRKdNYJwY3vRCZMdJbPLJAtGjQBudzZzdzwQYkEPQd+PJGixUL5QfvCLDaULoLv+RhT3LDkwEfKaAkgSmNQ==",
            "license": "MIT",
            "dependencies": {
                "undici-types": "~7.19.0"
            }
        },
        "node_modules/@valkey/valkey-glide": {
            "version": "2.3.1",
            "resolved": "https://registry.npmjs.org/@valkey/valkey-glide/-/valkey-glide-2.3.1.tgz",
            "integrity": "sha512-HzKCoNRSJYG83vKrYVJk+By2a0qVt/VuQfziCtdM6Q3Lt2WUE1PqxUAwO1Br2flSgrTxNdGgaGmX8qdnM25d5w==",
            "license": "Apache-2.0",
            "dependencies": {
                "long": "5",
                "protobufjs": "7"
            },
            "engines": {
                "node": ">=16"
            },
            "optionalDependencies": {
                "@valkey/valkey-glide-darwin-arm64": "2.3.1",
                "@valkey/valkey-glide-darwin-x64": "2.3.1",
                "@valkey/valkey-glide-linux-arm64-gnu": "2.3.1",
                "@valkey/valkey-glide-linux-arm64-musl": "2.3.1",
                "@valkey/valkey-glide-linux-x64-gnu": "2.3.1",
                "@valkey/valkey-glide-linux-x64-musl": "2.3.1"
            }
        },
        "node_modules/@valkey/valkey-glide-darwin-arm64": {
            "version": "2.3.1",
            "resolved": "https://registry.npmjs.org/@valkey/valkey-glide-darwin-arm64/-/valkey-glide-darwin-arm64-2.3.1.tgz",
            "integrity": "sha512-S3uCwGoBqQuVieBsevftlXzy/lFkDf49wQkg0UaRGMoWhmaik8d9rwTzKky1+otLjWCblWtMDcqIWGMs5ppo8Q==",
            "cpu": [
                "arm64"
            ],
            "license": "Apache-2.0",
            "optional": true,
            "os": [
                "darwin"
            ]
        },
        "node_modules/@valkey/valkey-glide-darwin-x64": {
            "version": "2.3.1",
            "resolved": "https://registry.npmjs.org/@valkey/valkey-glide-darwin-x64/-/valkey-glide-darwin-x64-2.3.1.tgz",
            "integrity": "sha512-7F+UoyMhO0QiAHEDZApy0+PNR7v7Gct5SMiRH+8RuUk8Nf1Cc3mNVtFXk0jwwbhatiWiSNEaMDkTRPWYZN6IcQ==",
            "cpu": [
                "x64"
            ],
            "license": "Apache-2.0",
            "optional": true,
            "os": [
                "darwin"
            ]
        },
        "node_modules/@valkey/valkey-glide-linux-arm64-gnu": {
            "version": "2.3.1",
            "resolved": "https://registry.npmjs.org/@valkey/valkey-glide-linux-arm64-gnu/-/valkey-glide-linux-arm64-gnu-2.3.1.tgz",
            "integrity": "sha512-Aigxpq6oSxPhdX7V0JZsQrBW4pzcNibCb1m6XorGdWpG62sttV/3DKz/06V+h1dSGfqpkjWPxRJS1EmTqPYmZw==",
            "cpu": [
                "arm64"
            ],
            "license": "Apache-2.0",
            "optional": true,
            "os": [
                "linux"
            ]
        },
        "node_modules/@valkey/valkey-glide-linux-arm64-musl": {
            "version": "2.3.1",
            "resolved": "https://registry.npmjs.org/@valkey/valkey-glide-linux-arm64-musl/-/valkey-glide-linux-arm64-musl-2.3.1.tgz",
            "integrity": "sha512-vmohWbUncgH+Rz1OnXPeSDVChCFMy0MYL38qcmAS05aGwL2sgMjipsEWiAsc82IAauKsVE7Ou68YZcyYK/mhag==",
            "cpu": [
                "arm64"
            ],
            "license": "Apache-2.0",
            "optional": true,
            "os": [
                "linux"
            ]
        },
        "node_modules/@valkey/valkey-glide-linux-x64-gnu": {
            "version": "2.3.1",
            "resolved": "https://registry.npmjs.org/@valkey/valkey-glide-linux-x64-gnu/-/valkey-glide-linux-x64-gnu-2.3.1.tgz",
            "integrity": "sha512-v/pJefhNO2fjEKq7uQAked896S2N3ZymiO/ei2v8JRxbYk1M+/Ffl6NH6SG+Mo/k2dyeRN1B5PXNq79jv149Rg==",
            "cpu": [
                "x64"
            ],
            "license": "Apache-2.0",
            "optional": true,
            "os": [
                "linux"
            ]
        },
        "node_modules/@valkey/valkey-glide-linux-x64-musl": {
            "version": "2.3.1",
            "resolved": "https://registry.npmjs.org/@valkey/valkey-glide-linux-x64-musl/-/valkey-glide-linux-x64-musl-2.3.1.tgz",
            "integrity": "sha512-GAcWs6MrS4v6/mjoaYyd8ay+L6Zl2L9YjkuKsupWzjSsT+PEVV/3yX0ecNeK7SGMn5Wfd3InZ3gfGPEsWEhc0g==",
            "cpu": [
                "x64"
            ],
            "license": "Apache-2.0",
            "optional": true,
            "os": [
                "linux"
            ]
        },
        "node_modules/long": {
            "version": "5.3.2",
            "resolved": "https://registry.npmjs.org/long/-/long-5.3.2.tgz",
            "integrity": "sha512-mNAgZ1GmyNhD7AuqnTG3/VQ26o760+ZYBPKjPvugO8+nLbYfX6TVpJPseBvopbdY+qpZ/lKUnmEc1LeZYS3QAA==",
            "license": "Apache-2.0"
        },
        "node_modules/prettier": {
            "version": "3.8.3",
            "resolved": "https://registry.npmjs.org/prettier/-/prettier-3.8.3.tgz",
            "integrity": "sha512-7igPTM53cGHMW8xWuVTydi2KO233VFiTNyF5hLJqpilHfmn8C8gPf+PS7dUT64YcXFbiMGZxS9pCSxL/Dxm/Jw==",
            "dev": true,
            "license": "MIT",
            "bin": {
                "prettier": "bin/prettier.cjs"
            },
            "engines": {
                "node": ">=14"
            },
            "funding": {
                "url": "https://github.com/prettier/prettier?sponsor=1"
            }
        },
        "node_modules/protobufjs": {
            "version": "7.6.0",
            "resolved": "https://registry.npmjs.org/protobufjs/-/protobufjs-7.6.0.tgz",
            "integrity": "sha512-LtESOsMPTZgyYtwxhvdgdjGL0HmXEaRA/hVD6sol4zA60hVXXXP/SGmxnqDbgGE8gy7pYex7cym+5vYPcmaXBQ==",
            "hasInstallScript": true,
            "license": "BSD-3-Clause",
            "dependencies": {
                "@protobufjs/aspromise": "^1.1.2",
                "@protobufjs/base64": "^1.1.2",
                "@protobufjs/codegen": "^2.0.5",
                "@protobufjs/eventemitter": "^1.1.0",
                "@protobufjs/fetch": "^1.1.1",
                "@protobufjs/float": "^1.0.2",
                "@protobufjs/inquire": "^1.1.2",
                "@protobufjs/path": "^1.1.2",
                "@protobufjs/pool": "^1.1.0",
                "@protobufjs/utf8": "^1.1.1",
                "@types/node": ">=13.7.0",
                "long": "^5.3.2"
            },
            "engines": {
                "node": ">=12.0.0"
            }
        },
        "node_modules/typescript": {
            "version": "5.9.3",
            "resolved": "https://registry.npmjs.org/typescript/-/typescript-5.9.3.tgz",
            "integrity": "sha512-jl1vZzPDinLr9eUt3J/t7V6FgNEw9QjvBPdysz9KfQDD41fQrC2Y4vKQdiaUpFT4bXlb1RHhLpp8wtm6M5TgSw==",
            "license": "Apache-2.0",
            "bin": {
                "tsc": "bin/tsc",
                "tsserver": "bin/tsserver"
            },
            "engines": {
                "node": ">=14.17"
            }
        },
        "node_modules/undici-types": {
            "version": "7.19.2",
            "resolved": "https://registry.npmjs.org/undici-types/-/undici-types-7.19.2.tgz",
            "integrity": "sha512-qYVnV5OEm2AW8cJMCpdV20CDyaN3g0AjDlOGf1OW4iaDEx8MwdtChUp4zu4H0VP3nDRF/8RKWH+IPp9uW0YGZg==",
            "license": "MIT"
        }
    }
}
