
Microsoft Visual Studio Solution File, Format Version 12.00
Project("{2150E333-8FDC-42A3-9474-1A3956D46DE8}") = "sources", "sources", "{02857780-E906-4687-80FB-07D28C9857C2}"
EndProject
Project("{2150E333-8FDC-42A3-9474-1A3956D46DE8}") = "tests", "tests", "{2BBD3AEC-8CF9-4B96-B6DF-8AB46A8DE8DA}"
EndProject
Project("{FAE04EC0-301F-11D3-BF4B-00C04F79EFBC}") = "Valkey.Glide", "sources\Valkey.Glide\Valkey.Glide.csproj", "{13C75535-9649-49AB-837F-7A5910309DA8}"
EndProject
Project("{FAE04EC0-301F-11D3-BF4B-00C04F79EFBC}") = "Valkey.Glide.InterOp", "sources\Valkey.Glide.InterOp\Valkey.Glide.InterOp.csproj", "{A2C5476B-3C3E-4220-917D-CC14036C676F}"
EndProject
Project("{FAE04EC0-301F-11D3-BF4B-00C04F79EFBC}") = "Valkey.Glide.UnitTests", "tests\Valkey.Glide.UnitTests\Valkey.Glide.UnitTests.csproj", "{0431B877-FD4C-4AD0-B97E-4EB6E56E5BEE}"
EndProject
Project("{2150E333-8FDC-42A3-9474-1A3956D46DE8}") = ".files", ".files", "{4580A394-956C-4F09-A846-36E7669E1A51}"
	ProjectSection(SolutionItems) = preProject
		.editorconfig = .editorconfig
		.gitignore = .gitignore
		ReadMe.MD = ReadMe.MD
		..\.github\workflows\csharp.yml = ..\.github\workflows\csharp.yml
	EndProjectSection
EndProject
Project("{FAE04EC0-301F-11D3-BF4B-00C04F79EFBC}") = "Valkey.Glide.AppHost", "sources\Valkey.Glide.AppHost\Valkey.Glide.AppHost.csproj", "{C3817C29-23FC-451B-BF9C-A9453078DD1F}"
EndProject
Project("{2150E333-8FDC-42A3-9474-1A3956D46DE8}") = "benchmarks", "benchmarks", "{91D2A259-AC07-400F-A1CC-7E8EFD87DD60}"
EndProject
Project("{FAE04EC0-301F-11D3-BF4B-00C04F79EFBC}") = "Valkey.Glide.Benchmark", "benchmarks\Valkey.Glide.Benchmark\Valkey.Glide.Benchmark.csproj", "{66EB921A-782D-4D40-B0FB-5F02497ED467}"
EndProject
Project("{2150E333-8FDC-42A3-9474-1A3956D46DE8}") = "samples", "samples", "{38BCDD5C-7D83-4EE2-BC43-12B97ED048D8}"
EndProject
Project("{FAE04EC0-301F-11D3-BF4B-00C04F79EFBC}") = "AspireSample.AppHost", "samples\Aspire\AspireSample.AppHost\AspireSample.AppHost.csproj", "{2CBE35E4-1D02-44B8-97CF-FAE17BF83DBF}"
EndProject
Project("{2150E333-8FDC-42A3-9474-1A3956D46DE8}") = "Aspire", "Aspire", "{78899A43-0744-4364-9923-1803B78FCC5B}"
EndProject
Project("{FAE04EC0-301F-11D3-BF4B-00C04F79EFBC}") = "Valkey.Glide.Hosting", "sources\Valkey.Glide.Hosting\Valkey.Glide.Hosting.csproj", "{903950B2-B9DD-45E2-AED1-654960666AB3}"
EndProject
Project("{FAE04EC0-301F-11D3-BF4B-00C04F79EFBC}") = "AspireSample.ServiceDefaults", "samples\Aspire\AspireSample.ServiceDefaults\AspireSample.ServiceDefaults.csproj", "{ECA90927-A0B1-4B07-8657-B07DC5C0F684}"
EndProject
Project("{FAE04EC0-301F-11D3-BF4B-00C04F79EFBC}") = "AspireSample.Worker", "samples\Aspire\AspireSample.Worker\AspireSample.Worker.csproj", "{1ED4C38C-A2AB-479D-8671-0B17995F28C5}"
EndProject
Project("{FAE04EC0-301F-11D3-BF4B-00C04F79EFBC}") = "csharp_benchmark", "..\benchmarks\csharp\csharp_benchmark.csproj", "{F9BFD252-FC3D-449B-A87B-C2E210A4326C}"
EndProject
Global
	GlobalSection(SolutionConfigurationPlatforms) = preSolution
		Debug|Any CPU = Debug|Any CPU
		Release|Any CPU = Release|Any CPU
	EndGlobalSection
	GlobalSection(NestedProjects) = preSolution
		{13C75535-9649-49AB-837F-7A5910309DA8} = {02857780-E906-4687-80FB-07D28C9857C2}
		{A2C5476B-3C3E-4220-917D-CC14036C676F} = {02857780-E906-4687-80FB-07D28C9857C2}
		{0431B877-FD4C-4AD0-B97E-4EB6E56E5BEE} = {2BBD3AEC-8CF9-4B96-B6DF-8AB46A8DE8DA}
		{C3817C29-23FC-451B-BF9C-A9453078DD1F} = {02857780-E906-4687-80FB-07D28C9857C2}
		{66EB921A-782D-4D40-B0FB-5F02497ED467} = {91D2A259-AC07-400F-A1CC-7E8EFD87DD60}
		{78899A43-0744-4364-9923-1803B78FCC5B} = {38BCDD5C-7D83-4EE2-BC43-12B97ED048D8}
		{2CBE35E4-1D02-44B8-97CF-FAE17BF83DBF} = {78899A43-0744-4364-9923-1803B78FCC5B}
		{903950B2-B9DD-45E2-AED1-654960666AB3} = {02857780-E906-4687-80FB-07D28C9857C2}
		{ECA90927-A0B1-4B07-8657-B07DC5C0F684} = {78899A43-0744-4364-9923-1803B78FCC5B}
		{1ED4C38C-A2AB-479D-8671-0B17995F28C5} = {78899A43-0744-4364-9923-1803B78FCC5B}
		{F9BFD252-FC3D-449B-A87B-C2E210A4326C} = {91D2A259-AC07-400F-A1CC-7E8EFD87DD60}
	EndGlobalSection
	GlobalSection(ProjectConfigurationPlatforms) = postSolution
		{13C75535-9649-49AB-837F-7A5910309DA8}.Debug|Any CPU.ActiveCfg = Debug|Any CPU
		{13C75535-9649-49AB-837F-7A5910309DA8}.Debug|Any CPU.Build.0 = Debug|Any CPU
		{13C75535-9649-49AB-837F-7A5910309DA8}.Release|Any CPU.ActiveCfg = Release|Any CPU
		{13C75535-9649-49AB-837F-7A5910309DA8}.Release|Any CPU.Build.0 = Release|Any CPU
		{A2C5476B-3C3E-4220-917D-CC14036C676F}.Debug|Any CPU.ActiveCfg = Debug|Any CPU
		{A2C5476B-3C3E-4220-917D-CC14036C676F}.Debug|Any CPU.Build.0 = Debug|Any CPU
		{A2C5476B-3C3E-4220-917D-CC14036C676F}.Release|Any CPU.ActiveCfg = Release|Any CPU
		{A2C5476B-3C3E-4220-917D-CC14036C676F}.Release|Any CPU.Build.0 = Release|Any CPU
		{0431B877-FD4C-4AD0-B97E-4EB6E56E5BEE}.Debug|Any CPU.ActiveCfg = Debug|Any CPU
		{0431B877-FD4C-4AD0-B97E-4EB6E56E5BEE}.Debug|Any CPU.Build.0 = Debug|Any CPU
		{0431B877-FD4C-4AD0-B97E-4EB6E56E5BEE}.Release|Any CPU.ActiveCfg = Release|Any CPU
		{0431B877-FD4C-4AD0-B97E-4EB6E56E5BEE}.Release|Any CPU.Build.0 = Release|Any CPU
		{C3817C29-23FC-451B-BF9C-A9453078DD1F}.Debug|Any CPU.ActiveCfg = Debug|Any CPU
		{C3817C29-23FC-451B-BF9C-A9453078DD1F}.Debug|Any CPU.Build.0 = Debug|Any CPU
		{C3817C29-23FC-451B-BF9C-A9453078DD1F}.Release|Any CPU.ActiveCfg = Release|Any CPU
		{C3817C29-23FC-451B-BF9C-A9453078DD1F}.Release|Any CPU.Build.0 = Release|Any CPU
		{66EB921A-782D-4D40-B0FB-5F02497ED467}.Debug|Any CPU.ActiveCfg = Debug|Any CPU
		{66EB921A-782D-4D40-B0FB-5F02497ED467}.Debug|Any CPU.Build.0 = Debug|Any CPU
		{66EB921A-782D-4D40-B0FB-5F02497ED467}.Release|Any CPU.ActiveCfg = Release|Any CPU
		{66EB921A-782D-4D40-B0FB-5F02497ED467}.Release|Any CPU.Build.0 = Release|Any CPU
		{2CBE35E4-1D02-44B8-97CF-FAE17BF83DBF}.Debug|Any CPU.ActiveCfg = Debug|Any CPU
		{2CBE35E4-1D02-44B8-97CF-FAE17BF83DBF}.Debug|Any CPU.Build.0 = Debug|Any CPU
		{2CBE35E4-1D02-44B8-97CF-FAE17BF83DBF}.Release|Any CPU.ActiveCfg = Release|Any CPU
		{2CBE35E4-1D02-44B8-97CF-FAE17BF83DBF}.Release|Any CPU.Build.0 = Release|Any CPU
		{903950B2-B9DD-45E2-AED1-654960666AB3}.Debug|Any CPU.ActiveCfg = Debug|Any CPU
		{903950B2-B9DD-45E2-AED1-654960666AB3}.Debug|Any CPU.Build.0 = Debug|Any CPU
		{903950B2-B9DD-45E2-AED1-654960666AB3}.Release|Any CPU.ActiveCfg = Release|Any CPU
		{903950B2-B9DD-45E2-AED1-654960666AB3}.Release|Any CPU.Build.0 = Release|Any CPU
		{ECA90927-A0B1-4B07-8657-B07DC5C0F684}.Debug|Any CPU.ActiveCfg = Debug|Any CPU
		{ECA90927-A0B1-4B07-8657-B07DC5C0F684}.Debug|Any CPU.Build.0 = Debug|Any CPU
		{ECA90927-A0B1-4B07-8657-B07DC5C0F684}.Release|Any CPU.ActiveCfg = Release|Any CPU
		{ECA90927-A0B1-4B07-8657-B07DC5C0F684}.Release|Any CPU.Build.0 = Release|Any CPU
		{1ED4C38C-A2AB-479D-8671-0B17995F28C5}.Debug|Any CPU.ActiveCfg = Debug|Any CPU
		{1ED4C38C-A2AB-479D-8671-0B17995F28C5}.Debug|Any CPU.Build.0 = Debug|Any CPU
		{1ED4C38C-A2AB-479D-8671-0B17995F28C5}.Release|Any CPU.ActiveCfg = Release|Any CPU
		{1ED4C38C-A2AB-479D-8671-0B17995F28C5}.Release|Any CPU.Build.0 = Release|Any CPU
		{F9BFD252-FC3D-449B-A87B-C2E210A4326C}.Debug|Any CPU.ActiveCfg = Debug|Any CPU
		{F9BFD252-FC3D-449B-A87B-C2E210A4326C}.Debug|Any CPU.Build.0 = Debug|Any CPU
		{F9BFD252-FC3D-449B-A87B-C2E210A4326C}.Release|Any CPU.ActiveCfg = Release|Any CPU
		{F9BFD252-FC3D-449B-A87B-C2E210A4326C}.Release|Any CPU.Build.0 = Release|Any CPU
	EndGlobalSection
EndGlobal
