
Microsoft Visual Studio Solution File, Format Version 12.00
# Visual Studio Version 16
VisualStudioVersion = 16.0.30114.105
MinimumVisualStudioVersion = 10.0.40219.1
Project("{FAE04EC0-301F-11D3-BF4B-00C04F79EFBC}") = "csharp_benchmark", "..\benchmarks\csharp\csharp_benchmark.csproj", "{C62D5809-3059-4633-A267-31B402FCBFDA}"
EndProject
Project("{2150E333-8FDC-42A3-9474-1A3956D46DE8}") = "sources", "sources", "{435325A7-39AC-4E44-B6FC-58D1E0371720}"
EndProject
Project("{2150E333-8FDC-42A3-9474-1A3956D46DE8}") = "tests", "tests", "{E33A3B30-FB81-4E07-9C04-A9AD6B659487}"
EndProject
Project("{2150E333-8FDC-42A3-9474-1A3956D46DE8}") = ".files", ".files", "{1F0580C1-A461-42D8-AE5A-D61E6EBE5232}"
	ProjectSection(SolutionItems) = preProject
		.editorconfig = .editorconfig
		.gitignore = .gitignore
		DEVELOPER.md = DEVELOPER.md
		..\.github\workflows\csharp.yml = ..\.github\workflows\csharp.yml
	EndProjectSection
EndProject
Project("{2150E333-8FDC-42A3-9474-1A3956D46DE8}") = "benchmarks", "benchmarks", "{9C73AD22-2B57-455C-B623-C30EE8F77B44}"
EndProject
Project("{FAE04EC0-301F-11D3-BF4B-00C04F79EFBC}") = "Valkey.Glide", "sources\Valkey.Glide\Valkey.Glide.csproj", "{03094217-8D62-4F54-95F1-D66C3BF643C1}"
EndProject
Project("{FAE04EC0-301F-11D3-BF4B-00C04F79EFBC}") = "Valkey.Glide.UnitTests", "tests\Valkey.Glide.UnitTests\Valkey.Glide.UnitTests.csproj", "{776AA262-0E2C-4123-8A98-83E080A99389}"
EndProject
Project("{FAE04EC0-301F-11D3-BF4B-00C04F79EFBC}") = "Valkey.Glide.IntegrationTests", "tests\Valkey.Glide.IntegrationTests\Valkey.Glide.IntegrationTests.csproj", "{1D8FAA07-8ECF-453B-83D9-8462E83DA111}"
EndProject
Project("{2150E333-8FDC-42A3-9474-1A3956D46DE8}") = ".props", ".props", "{1A910D8D-EAEE-4A42-A42C-4519EA8B88E8}"
	ProjectSection(SolutionItems) = preProject
		props\assets.props = props\assets.props
		props\common.props = props\common.props
		props\version.props = props\version.props
	EndProjectSection
EndProject
Project("{2150E333-8FDC-42A3-9474-1A3956D46DE8}") = "assets", "assets", "{AF360BE1-7C3E-4655-9566-25C1D7E88DCE}"
EndProject
Project("{FAE04EC0-301F-11D3-BF4B-00C04F79EFBC}") = "Valkey.Glide.Assets.All", "assets\Valkey.Glide.Assets.All\Valkey.Glide.Assets.All.csproj", "{1AF5DAEA-2CBA-4D52-8E72-90A0D3AC2EEC}"
EndProject
Project("{FAE04EC0-301F-11D3-BF4B-00C04F79EFBC}") = "Valkey.Glide.Assets.Linux64Gnu", "assets\Valkey.Glide.Assets.Linux64Gnu\Valkey.Glide.Assets.Linux64Gnu.csproj", "{EB479AD0-4A1F-4277-BAE6-FD372B62F170}"
EndProject
Project("{FAE04EC0-301F-11D3-BF4B-00C04F79EFBC}") = "Valkey.Glide.Assets.Linux64Musl", "assets\Valkey.Glide.Assets.Linux64Musl\Valkey.Glide.Assets.Linux64Musl.csproj", "{39F7E03C-6142-4151-BB81-4C8B436F83EF}"
EndProject
Project("{FAE04EC0-301F-11D3-BF4B-00C04F79EFBC}") = "Valkey.Glide.Assets.LinuxArm64Gnu", "assets\Valkey.Glide.Assets.LinuxArm64Gnu\Valkey.Glide.Assets.LinuxArm64Gnu.csproj", "{70FC00BD-FF8A-4326-953F-4881AAB597B0}"
EndProject
Project("{FAE04EC0-301F-11D3-BF4B-00C04F79EFBC}") = "Valkey.Glide.Assets.LinuxArm64Musl", "assets\Valkey.Glide.Assets.LinuxArm64Musl\Valkey.Glide.Assets.LinuxArm64Musl.csproj", "{C4C2122B-31E8-412A-B747-2CC690EF3463}"
EndProject
Project("{FAE04EC0-301F-11D3-BF4B-00C04F79EFBC}") = "Valkey.Glide.Assets.MacOSArm64", "assets\Valkey.Glide.Assets.MacOSArm64\Valkey.Glide.Assets.MacOSArm64.csproj", "{306495C3-0288-436B-8CD4-E8F85406C8A4}"
EndProject
Project("{FAE04EC0-301F-11D3-BF4B-00C04F79EFBC}") = "Valkey.Glide.Assets.Win32", "assets\Valkey.Glide.Assets.Win32\Valkey.Glide.Assets.Win32.csproj", "{A8120A4A-D70C-4CA1-A262-A85DB782F6AB}"
EndProject
Project("{FAE04EC0-301F-11D3-BF4B-00C04F79EFBC}") = "Valkey.Glide.Assets.Win64", "assets\Valkey.Glide.Assets.Win64\Valkey.Glide.Assets.Win64.csproj", "{6CE9FC9B-E0B5-4C9F-A443-58F0BA207FD4}"
EndProject
Global
	GlobalSection(SolutionConfigurationPlatforms) = preSolution
		Debug|Any CPU = Debug|Any CPU
		Lint|Any CPU = Lint|Any CPU
		Release|Any CPU = Release|Any CPU
	EndGlobalSection
	GlobalSection(SolutionProperties) = preSolution
		HideSolutionNode = FALSE
	EndGlobalSection
	GlobalSection(ProjectConfigurationPlatforms) = postSolution
		{C62D5809-3059-4633-A267-31B402FCBFDA}.Debug|Any CPU.ActiveCfg = Debug|Any CPU
		{C62D5809-3059-4633-A267-31B402FCBFDA}.Debug|Any CPU.Build.0 = Debug|Any CPU
		{C62D5809-3059-4633-A267-31B402FCBFDA}.Lint|Any CPU.ActiveCfg = Lint|Any CPU
		{C62D5809-3059-4633-A267-31B402FCBFDA}.Lint|Any CPU.Build.0 = Lint|Any CPU
		{C62D5809-3059-4633-A267-31B402FCBFDA}.Release|Any CPU.ActiveCfg = Release|Any CPU
		{C62D5809-3059-4633-A267-31B402FCBFDA}.Release|Any CPU.Build.0 = Release|Any CPU
		{03094217-8D62-4F54-95F1-D66C3BF643C1}.Debug|Any CPU.ActiveCfg = Debug|Any CPU
		{03094217-8D62-4F54-95F1-D66C3BF643C1}.Debug|Any CPU.Build.0 = Debug|Any CPU
		{03094217-8D62-4F54-95F1-D66C3BF643C1}.Lint|Any CPU.ActiveCfg = Lint|Any CPU
		{03094217-8D62-4F54-95F1-D66C3BF643C1}.Lint|Any CPU.Build.0 = Lint|Any CPU
		{03094217-8D62-4F54-95F1-D66C3BF643C1}.Release|Any CPU.ActiveCfg = Release|Any CPU
		{03094217-8D62-4F54-95F1-D66C3BF643C1}.Release|Any CPU.Build.0 = Release|Any CPU
		{776AA262-0E2C-4123-8A98-83E080A99389}.Debug|Any CPU.ActiveCfg = Debug|Any CPU
		{776AA262-0E2C-4123-8A98-83E080A99389}.Debug|Any CPU.Build.0 = Debug|Any CPU
		{776AA262-0E2C-4123-8A98-83E080A99389}.Lint|Any CPU.ActiveCfg = Debug|Any CPU
		{776AA262-0E2C-4123-8A98-83E080A99389}.Lint|Any CPU.Build.0 = Debug|Any CPU
		{776AA262-0E2C-4123-8A98-83E080A99389}.Release|Any CPU.ActiveCfg = Release|Any CPU
		{776AA262-0E2C-4123-8A98-83E080A99389}.Release|Any CPU.Build.0 = Release|Any CPU
		{1D8FAA07-8ECF-453B-83D9-8462E83DA111}.Debug|Any CPU.ActiveCfg = Debug|Any CPU
		{1D8FAA07-8ECF-453B-83D9-8462E83DA111}.Debug|Any CPU.Build.0 = Debug|Any CPU
		{1D8FAA07-8ECF-453B-83D9-8462E83DA111}.Lint|Any CPU.ActiveCfg = Lint|Any CPU
		{1D8FAA07-8ECF-453B-83D9-8462E83DA111}.Lint|Any CPU.Build.0 = Lint|Any CPU
		{1D8FAA07-8ECF-453B-83D9-8462E83DA111}.Release|Any CPU.ActiveCfg = Release|Any CPU
		{1D8FAA07-8ECF-453B-83D9-8462E83DA111}.Release|Any CPU.Build.0 = Release|Any CPU
		{1AF5DAEA-2CBA-4D52-8E72-90A0D3AC2EEC}.Debug|Any CPU.ActiveCfg = Debug|Any CPU
		{1AF5DAEA-2CBA-4D52-8E72-90A0D3AC2EEC}.Debug|Any CPU.Build.0 = Debug|Any CPU
		{1AF5DAEA-2CBA-4D52-8E72-90A0D3AC2EEC}.Lint|Any CPU.ActiveCfg = Release|Any CPU
		{1AF5DAEA-2CBA-4D52-8E72-90A0D3AC2EEC}.Lint|Any CPU.Build.0 = Release|Any CPU
		{1AF5DAEA-2CBA-4D52-8E72-90A0D3AC2EEC}.Release|Any CPU.ActiveCfg = Release|Any CPU
		{1AF5DAEA-2CBA-4D52-8E72-90A0D3AC2EEC}.Release|Any CPU.Build.0 = Release|Any CPU
		{EB479AD0-4A1F-4277-BAE6-FD372B62F170}.Debug|Any CPU.ActiveCfg = Debug|Any CPU
		{EB479AD0-4A1F-4277-BAE6-FD372B62F170}.Debug|Any CPU.Build.0 = Debug|Any CPU
		{EB479AD0-4A1F-4277-BAE6-FD372B62F170}.Lint|Any CPU.ActiveCfg = Debug|Any CPU
		{EB479AD0-4A1F-4277-BAE6-FD372B62F170}.Lint|Any CPU.Build.0 = Debug|Any CPU
		{EB479AD0-4A1F-4277-BAE6-FD372B62F170}.Release|Any CPU.ActiveCfg = Release|Any CPU
		{EB479AD0-4A1F-4277-BAE6-FD372B62F170}.Release|Any CPU.Build.0 = Release|Any CPU
		{39F7E03C-6142-4151-BB81-4C8B436F83EF}.Debug|Any CPU.ActiveCfg = Debug|Any CPU
		{39F7E03C-6142-4151-BB81-4C8B436F83EF}.Debug|Any CPU.Build.0 = Debug|Any CPU
		{39F7E03C-6142-4151-BB81-4C8B436F83EF}.Lint|Any CPU.ActiveCfg = Debug|Any CPU
		{39F7E03C-6142-4151-BB81-4C8B436F83EF}.Lint|Any CPU.Build.0 = Debug|Any CPU
		{39F7E03C-6142-4151-BB81-4C8B436F83EF}.Release|Any CPU.ActiveCfg = Release|Any CPU
		{39F7E03C-6142-4151-BB81-4C8B436F83EF}.Release|Any CPU.Build.0 = Release|Any CPU
		{70FC00BD-FF8A-4326-953F-4881AAB597B0}.Debug|Any CPU.ActiveCfg = Debug|Any CPU
		{70FC00BD-FF8A-4326-953F-4881AAB597B0}.Debug|Any CPU.Build.0 = Debug|Any CPU
		{70FC00BD-FF8A-4326-953F-4881AAB597B0}.Lint|Any CPU.ActiveCfg = Debug|Any CPU
		{70FC00BD-FF8A-4326-953F-4881AAB597B0}.Lint|Any CPU.Build.0 = Debug|Any CPU
		{70FC00BD-FF8A-4326-953F-4881AAB597B0}.Release|Any CPU.ActiveCfg = Release|Any CPU
		{70FC00BD-FF8A-4326-953F-4881AAB597B0}.Release|Any CPU.Build.0 = Release|Any CPU
		{C4C2122B-31E8-412A-B747-2CC690EF3463}.Debug|Any CPU.ActiveCfg = Debug|Any CPU
		{C4C2122B-31E8-412A-B747-2CC690EF3463}.Debug|Any CPU.Build.0 = Debug|Any CPU
		{C4C2122B-31E8-412A-B747-2CC690EF3463}.Lint|Any CPU.ActiveCfg = Debug|Any CPU
		{C4C2122B-31E8-412A-B747-2CC690EF3463}.Lint|Any CPU.Build.0 = Debug|Any CPU
		{C4C2122B-31E8-412A-B747-2CC690EF3463}.Release|Any CPU.ActiveCfg = Release|Any CPU
		{C4C2122B-31E8-412A-B747-2CC690EF3463}.Release|Any CPU.Build.0 = Release|Any CPU
		{306495C3-0288-436B-8CD4-E8F85406C8A4}.Debug|Any CPU.ActiveCfg = Debug|Any CPU
		{306495C3-0288-436B-8CD4-E8F85406C8A4}.Debug|Any CPU.Build.0 = Debug|Any CPU
		{306495C3-0288-436B-8CD4-E8F85406C8A4}.Lint|Any CPU.ActiveCfg = Debug|Any CPU
		{306495C3-0288-436B-8CD4-E8F85406C8A4}.Lint|Any CPU.Build.0 = Debug|Any CPU
		{306495C3-0288-436B-8CD4-E8F85406C8A4}.Release|Any CPU.ActiveCfg = Release|Any CPU
		{306495C3-0288-436B-8CD4-E8F85406C8A4}.Release|Any CPU.Build.0 = Release|Any CPU
		{A8120A4A-D70C-4CA1-A262-A85DB782F6AB}.Debug|Any CPU.ActiveCfg = Debug|Any CPU
		{A8120A4A-D70C-4CA1-A262-A85DB782F6AB}.Debug|Any CPU.Build.0 = Debug|Any CPU
		{A8120A4A-D70C-4CA1-A262-A85DB782F6AB}.Lint|Any CPU.ActiveCfg = Debug|Any CPU
		{A8120A4A-D70C-4CA1-A262-A85DB782F6AB}.Lint|Any CPU.Build.0 = Debug|Any CPU
		{A8120A4A-D70C-4CA1-A262-A85DB782F6AB}.Release|Any CPU.ActiveCfg = Release|Any CPU
		{A8120A4A-D70C-4CA1-A262-A85DB782F6AB}.Release|Any CPU.Build.0 = Release|Any CPU
		{6CE9FC9B-E0B5-4C9F-A443-58F0BA207FD4}.Debug|Any CPU.ActiveCfg = Debug|Any CPU
		{6CE9FC9B-E0B5-4C9F-A443-58F0BA207FD4}.Debug|Any CPU.Build.0 = Debug|Any CPU
		{6CE9FC9B-E0B5-4C9F-A443-58F0BA207FD4}.Lint|Any CPU.ActiveCfg = Debug|Any CPU
		{6CE9FC9B-E0B5-4C9F-A443-58F0BA207FD4}.Lint|Any CPU.Build.0 = Debug|Any CPU
		{6CE9FC9B-E0B5-4C9F-A443-58F0BA207FD4}.Release|Any CPU.ActiveCfg = Release|Any CPU
		{6CE9FC9B-E0B5-4C9F-A443-58F0BA207FD4}.Release|Any CPU.Build.0 = Release|Any CPU
	EndGlobalSection
	GlobalSection(NestedProjects) = preSolution
		{C62D5809-3059-4633-A267-31B402FCBFDA} = {9C73AD22-2B57-455C-B623-C30EE8F77B44}
		{03094217-8D62-4F54-95F1-D66C3BF643C1} = {435325A7-39AC-4E44-B6FC-58D1E0371720}
		{776AA262-0E2C-4123-8A98-83E080A99389} = {E33A3B30-FB81-4E07-9C04-A9AD6B659487}
		{1D8FAA07-8ECF-453B-83D9-8462E83DA111} = {E33A3B30-FB81-4E07-9C04-A9AD6B659487}
		{1AF5DAEA-2CBA-4D52-8E72-90A0D3AC2EEC} = {AF360BE1-7C3E-4655-9566-25C1D7E88DCE}
		{EB479AD0-4A1F-4277-BAE6-FD372B62F170} = {AF360BE1-7C3E-4655-9566-25C1D7E88DCE}
		{39F7E03C-6142-4151-BB81-4C8B436F83EF} = {AF360BE1-7C3E-4655-9566-25C1D7E88DCE}
		{70FC00BD-FF8A-4326-953F-4881AAB597B0} = {AF360BE1-7C3E-4655-9566-25C1D7E88DCE}
		{C4C2122B-31E8-412A-B747-2CC690EF3463} = {AF360BE1-7C3E-4655-9566-25C1D7E88DCE}
		{306495C3-0288-436B-8CD4-E8F85406C8A4} = {AF360BE1-7C3E-4655-9566-25C1D7E88DCE}
		{A8120A4A-D70C-4CA1-A262-A85DB782F6AB} = {AF360BE1-7C3E-4655-9566-25C1D7E88DCE}
		{6CE9FC9B-E0B5-4C9F-A443-58F0BA207FD4} = {AF360BE1-7C3E-4655-9566-25C1D7E88DCE}
	EndGlobalSection
EndGlobal
