{
    "name": "ecma-test",
    "version": "1.0.0",
    "lockfileVersion": 3,
    "requires": true,
    "packages": {
        "": {
            "name": "ecma-test",
            "version": "1.0.0",
            "license": "Apache-2.0",
            "dependencies": {
                "@valkey/valkey-glide": "file:../..",
                "find-free-ports": "^3.1.1"
            },
            "devDependencies": {
                "prettier": "^3.5"
            }
        },
        "../..": {
            "name": "@valkey/valkey-glide",
            "version": "0.0.0",
            "license": "Apache-2.0",
            "dependencies": {
                "long": "5",
                "protobufjs": "7"
            },
            "devDependencies": {
                "@jest/globals": "29",
                "@types/jest": "29",
                "@types/minimist": "1",
                "@types/node": "24",
                "@types/semver": "7",
                "@types/uuid": "11",
                "find-free-port": "2",
                "jest": "29",
                "jest-html-reporter": "4",
                "lint-staged": "16",
                "protobufjs-cli": "1",
                "replace": "1",
                "semver": "7",
                "ts-jest": "29",
                "ts-node": "10",
                "typedoc": "0.28",
                "typedoc-plugin-markdown": "4",
                "typescript": "5",
                "uuid": "13"
            },
            "engines": {
                "node": ">=16"
            }
        },
        "node_modules/@valkey/valkey-glide": {
            "resolved": "../..",
            "link": true
        },
        "node_modules/find-free-ports": {
            "version": "3.1.1",
            "resolved": "https://registry.npmjs.org/find-free-ports/-/find-free-ports-3.1.1.tgz",
            "integrity": "sha512-hQebewth9i5qkf0a0u06iFaxQssk5ZnPBBggsa1vk8zCYaZoz9IZXpoRLTbEOrYdqfrjvcxU00gYoCPgmXugKA==",
            "license": "MIT"
        },
        "node_modules/prettier": {
            "version": "3.8.3",
            "resolved": "https://registry.npmjs.org/prettier/-/prettier-3.8.3.tgz",
            "integrity": "sha512-7igPTM53cGHMW8xWuVTydi2KO233VFiTNyF5hLJqpilHfmn8C8gPf+PS7dUT64YcXFbiMGZxS9pCSxL/Dxm/Jw==",
            "dev": true,
            "license": "MIT",
            "bin": {
                "prettier": "bin/prettier.cjs"
            },
            "engines": {
                "node": ">=14"
            },
            "funding": {
                "url": "https://github.com/prettier/prettier?sponsor=1"
            }
        }
    }
}
