# This file is generated by running "yarn install" inside your project.
# Manual changes might be lost - proceed with caution!

__metadata:
  version: 8
  cacheKey: 10c0

"@colors/colors@npm:1.6.0, @colors/colors@npm:^1.6.0":
  version: 1.6.0
  resolution: "@colors/colors@npm:1.6.0"
  checksum: 10c0/9328a0778a5b0db243af54455b79a69e3fb21122d6c15ef9e9fcc94881d8d17352d8b2b2590f9bdd46fac5c2d6c1636dcfc14358a20c70e22daf89e1a759b629
  languageName: node
  linkType: hard

"@dabh/diagnostics@npm:^2.0.8":
  version: 2.0.8
  resolution: "@dabh/diagnostics@npm:2.0.8"
  dependencies:
    "@so-ric/colorspace": "npm:^1.1.6"
    enabled: "npm:2.0.x"
    kuler: "npm:^2.0.0"
  checksum: 10c0/64701c272f7de02800039fea99796507670fe5f67d4eb7718599351ec156936efd123fcab7ee18f9d7874939caaacc08e7c7a6bb05ff8cda6d930ad041cc555c
  languageName: node
  linkType: hard

"@protobufjs/aspromise@npm:^1.1.1, @protobufjs/aspromise@npm:^1.1.2":
  version: 1.1.2
  resolution: "@protobufjs/aspromise@npm:1.1.2"
  checksum: 10c0/a83343a468ff5b5ec6bff36fd788a64c839e48a07ff9f4f813564f58caf44d011cd6504ed2147bf34835bd7a7dd2107052af755961c6b098fd8902b4f6500d0f
  languageName: node
  linkType: hard

"@protobufjs/base64@npm:^1.1.2":
  version: 1.1.2
  resolution: "@protobufjs/base64@npm:1.1.2"
  checksum: 10c0/eec925e681081af190b8ee231f9bad3101e189abbc182ff279da6b531e7dbd2a56f1f306f37a80b1be9e00aa2d271690d08dcc5f326f71c9eed8546675c8caf6
  languageName: node
  linkType: hard

"@protobufjs/codegen@npm:^2.0.5":
  version: 2.0.5
  resolution: "@protobufjs/codegen@npm:2.0.5"
  checksum: 10c0/1b8a2ae56ee60a56e9d205cd4b6072a1503c5069b8ebb905710f974ff0098a0d0700641c137e0a8d98dedf14423156a106a9433695cbf52574810f55000fdcab
  languageName: node
  linkType: hard

"@protobufjs/eventemitter@npm:^1.1.1":
  version: 1.1.1
  resolution: "@protobufjs/eventemitter@npm:1.1.1"
  checksum: 10c0/8e06193d4629c5e7c09d4f8c2ddba8fc4dfa739f0149f33a1d901568d35bb7b8b5277a4e8452baf3bdd0b302fd599cf255d193267aa93a0a4747e23cd073c4ac
  languageName: node
  linkType: hard

"@protobufjs/fetch@npm:^1.1.1":
  version: 1.1.1
  resolution: "@protobufjs/fetch@npm:1.1.1"
  dependencies:
    "@protobufjs/aspromise": "npm:^1.1.1"
  checksum: 10c0/a497ff5433854e8577f0427983ea39b9113b49a8120f94515291d763327061d2c3013e60e24ea436d091dafae01a0f6eb1867e3b1616045d96a31d8b3c646ed4
  languageName: node
  linkType: hard

"@protobufjs/float@npm:^1.0.2":
  version: 1.0.2
  resolution: "@protobufjs/float@npm:1.0.2"
  checksum: 10c0/18f2bdede76ffcf0170708af15c9c9db6259b771e6b84c51b06df34a9c339dbbeec267d14ce0bddd20acc142b1d980d983d31434398df7f98eb0c94a0eb79069
  languageName: node
  linkType: hard

"@protobufjs/path@npm:^1.1.2":
  version: 1.1.2
  resolution: "@protobufjs/path@npm:1.1.2"
  checksum: 10c0/cece0a938e7f5dfd2fa03f8c14f2f1cf8b0d6e13ac7326ff4c96ea311effd5fb7ae0bba754fbf505312af2e38500250c90e68506b97c02360a43793d88a0d8b4
  languageName: node
  linkType: hard

"@protobufjs/pool@npm:^1.1.0":
  version: 1.1.0
  resolution: "@protobufjs/pool@npm:1.1.0"
  checksum: 10c0/eda2718b7f222ac6e6ad36f758a92ef90d26526026a19f4f17f668f45e0306a5bd734def3f48f51f8134ae0978b6262a5c517c08b115a551756d1a3aadfcf038
  languageName: node
  linkType: hard

"@protobufjs/utf8@npm:^1.1.1":
  version: 1.1.2
  resolution: "@protobufjs/utf8@npm:1.1.2"
  checksum: 10c0/975c6e2c0319bd50c17531d186b537a88cb4d3205e3ca9297cd842b631d341da0ee3ff16be8656cd2660756dc753b29c8a6a14c0ad8ed602c1f91ddf22e7b3f3
  languageName: node
  linkType: hard

"@so-ric/colorspace@npm:^1.1.6":
  version: 1.1.6
  resolution: "@so-ric/colorspace@npm:1.1.6"
  dependencies:
    color: "npm:^5.0.2"
    text-hex: "npm:1.0.x"
  checksum: 10c0/f3ad26afefbb8d6101ea7c385cd5f402d4291c2ffc9cabe37030d5fdb8bda980ee534a0d7c250f8233fc3a59b99272410177cd98b219f6b3770f91a0fdb6eb3e
  languageName: node
  linkType: hard

"@test/common@workspace:.":
  version: 0.0.0-use.local
  resolution: "@test/common@workspace:."
  dependencies:
    "@types/node": "npm:22.15.19"
    "@types/pg": "npm:^8.11.11"
    "@valkey/valkey-glide": "npm:2.5.0"
    decimal.js: "npm:^10.5.0"
    pg: "npm:^8.14.1"
    typescript: "npm:^5.0.4"
    winston: "npm:^3.17.0"
  languageName: unknown
  linkType: soft

"@types/node@npm:*, @types/node@npm:>=13.7.0":
  version: 26.2.0
  resolution: "@types/node@npm:26.2.0"
  dependencies:
    undici-types: "npm:~8.3.0"
  checksum: 10c0/f8566d88162241eb55a46f7e4ea097188eab0aaafefea7a58e63adab8c4144eb98c08b7911452c846104c339a0f82282f5e1ed4b26b578d60709614fe2843f4d
  languageName: node
  linkType: hard

"@types/node@npm:22.15.19":
  version: 22.15.19
  resolution: "@types/node@npm:22.15.19"
  dependencies:
    undici-types: "npm:~6.21.0"
  checksum: 10c0/8ef52fa1a91b1c8891616d46f3921a9f3c65ad1c6bb62db7899c8c28643c13bf9d607a2403b1e5aceb3e6fa6749efc9e0ba5c39618a4872da6946437b0edbfbe
  languageName: node
  linkType: hard

"@types/pg@npm:^8.11.11":
  version: 8.23.1
  resolution: "@types/pg@npm:8.23.1"
  dependencies:
    "@types/node": "npm:*"
    pg-protocol: "npm:*"
    pg-types: "npm:^2.2.0"
  checksum: 10c0/0e39ff7dbe233e1e50b172d87fe84cca086a52e255adb104ef1d60619cded356c4414427ffbea58e70a5a985c3036603c8e544ca2937fc1cf4050185109973be
  languageName: node
  linkType: hard

"@types/triple-beam@npm:^1.3.2":
  version: 1.3.5
  resolution: "@types/triple-beam@npm:1.3.5"
  checksum: 10c0/d5d7f25da612f6d79266f4f1bb9c1ef8f1684e9f60abab251e1261170631062b656ba26ff22631f2760caeafd372abc41e64867cde27fba54fafb73a35b9056a
  languageName: node
  linkType: hard

"@valkey/valkey-glide-darwin-arm64@npm:2.5.0":
  version: 2.5.0
  resolution: "@valkey/valkey-glide-darwin-arm64@npm:2.5.0"
  conditions: os=darwin & cpu=arm64
  languageName: node
  linkType: hard

"@valkey/valkey-glide-darwin-x64@npm:2.5.0":
  version: 2.5.0
  resolution: "@valkey/valkey-glide-darwin-x64@npm:2.5.0"
  conditions: os=darwin & cpu=x64
  languageName: node
  linkType: hard

"@valkey/valkey-glide-linux-arm64-gnu@npm:2.5.0":
  version: 2.5.0
  resolution: "@valkey/valkey-glide-linux-arm64-gnu@npm:2.5.0"
  conditions: os=linux & cpu=arm64 & libc=glibc
  languageName: node
  linkType: hard

"@valkey/valkey-glide-linux-arm64-musl@npm:2.5.0":
  version: 2.5.0
  resolution: "@valkey/valkey-glide-linux-arm64-musl@npm:2.5.0"
  conditions: os=linux & cpu=arm64 & libc=musl
  languageName: node
  linkType: hard

"@valkey/valkey-glide-linux-x64-gnu@npm:2.5.0":
  version: 2.5.0
  resolution: "@valkey/valkey-glide-linux-x64-gnu@npm:2.5.0"
  conditions: os=linux & cpu=x64 & libc=glibc
  languageName: node
  linkType: hard

"@valkey/valkey-glide-linux-x64-musl@npm:2.5.0":
  version: 2.5.0
  resolution: "@valkey/valkey-glide-linux-x64-musl@npm:2.5.0"
  conditions: os=linux & cpu=x64 & libc=musl
  languageName: node
  linkType: hard

"@valkey/valkey-glide@npm:2.5.0":
  version: 2.5.0
  resolution: "@valkey/valkey-glide@npm:2.5.0"
  dependencies:
    "@valkey/valkey-glide-darwin-arm64": "npm:2.5.0"
    "@valkey/valkey-glide-darwin-x64": "npm:2.5.0"
    "@valkey/valkey-glide-linux-arm64-gnu": "npm:2.5.0"
    "@valkey/valkey-glide-linux-arm64-musl": "npm:2.5.0"
    "@valkey/valkey-glide-linux-x64-gnu": "npm:2.5.0"
    "@valkey/valkey-glide-linux-x64-musl": "npm:2.5.0"
    long: "npm:5"
    protobufjs: "npm:^7.6.3"
  dependenciesMeta:
    "@valkey/valkey-glide-darwin-arm64":
      optional: true
    "@valkey/valkey-glide-darwin-x64":
      optional: true
    "@valkey/valkey-glide-linux-arm64-gnu":
      optional: true
    "@valkey/valkey-glide-linux-arm64-musl":
      optional: true
    "@valkey/valkey-glide-linux-x64-gnu":
      optional: true
    "@valkey/valkey-glide-linux-x64-musl":
      optional: true
  checksum: 10c0/4dbb399bc8333f19cf05a5f40e3f351c51c9ffc58fa8590d2a42063cf1f5bfbee944596a717e5bd1c3085a3e226f71ebc7f6fddeace81e63f6ec6fc6849a3a6c
  languageName: node
  linkType: hard

"async@npm:^3.2.3":
  version: 3.2.6
  resolution: "async@npm:3.2.6"
  checksum: 10c0/36484bb15ceddf07078688d95e27076379cc2f87b10c03b6dd8a83e89475a3c8df5848859dd06a4c95af1e4c16fc973de0171a77f18ea00be899aca2a4f85e70
  languageName: node
  linkType: hard

"color-convert@npm:^3.1.3":
  version: 3.1.3
  resolution: "color-convert@npm:3.1.3"
  dependencies:
    color-name: "npm:^2.0.0"
  checksum: 10c0/427648b442c6ea6dab5ba03f4962201ee59f128c80b25d5a0f7d9aab0ef52519a9db8a9bb3cf40b73f86eb19b5ca6aeb0ab930665f3d14973ce776d7d0448a15
  languageName: node
  linkType: hard

"color-name@npm:^2.0.0":
  version: 2.1.1
  resolution: "color-name@npm:2.1.1"
  checksum: 10c0/6a1096d761b84ad18bdf1464d449800dbb1e613c914aafd9551514884f5e0cc47b5478fea32048188ec7a28424c6ded55fd4a81f39ca351e2ca4dd7729e05128
  languageName: node
  linkType: hard

"color-string@npm:^2.1.3":
  version: 2.1.4
  resolution: "color-string@npm:2.1.4"
  dependencies:
    color-name: "npm:^2.0.0"
  checksum: 10c0/18a9fefec153d885e0dbfb076f3a65cdcd19f52d96c719f2f261e90e5b7dafd13c51baac399d7099eac290f004d340045ab9467312dcc8afefe6f877ec5c4428
  languageName: node
  linkType: hard

"color@npm:^5.0.2":
  version: 5.0.3
  resolution: "color@npm:5.0.3"
  dependencies:
    color-convert: "npm:^3.1.3"
    color-string: "npm:^2.1.3"
  checksum: 10c0/f08a03c5113ae4aa36dba9d2438596b194b897e18b961310643cb63872add1da507cd238df264eb434bbdbe3a377ec41f90d877531acca611523cfcd365db1b6
  languageName: node
  linkType: hard

"decimal.js@npm:^10.5.0":
  version: 10.6.0
  resolution: "decimal.js@npm:10.6.0"
  checksum: 10c0/07d69fbcc54167a340d2d97de95f546f9ff1f69d2b45a02fd7a5292412df3cd9eb7e23065e532a318f5474a2e1bccf8392fdf0443ef467f97f3bf8cb0477e5aa
  languageName: node
  linkType: hard

"enabled@npm:2.0.x":
  version: 2.0.0
  resolution: "enabled@npm:2.0.0"
  checksum: 10c0/3b2c2af9bc7f8b9e291610f2dde4a75cf6ee52a68f4dd585482fbdf9a55d65388940e024e56d40bb03e05ef6671f5f53021fa8b72a20e954d7066ec28166713f
  languageName: node
  linkType: hard

"fecha@npm:^4.2.0":
  version: 4.2.3
  resolution: "fecha@npm:4.2.3"
  checksum: 10c0/0e895965959cf6a22bb7b00f0bf546f2783836310f510ddf63f463e1518d4c96dec61ab33fdfd8e79a71b4856a7c865478ce2ee8498d560fe125947703c9b1cf
  languageName: node
  linkType: hard

"fn.name@npm:1.x.x":
  version: 1.1.0
  resolution: "fn.name@npm:1.1.0"
  checksum: 10c0/8ad62aa2d4f0b2a76d09dba36cfec61c540c13a0fd72e5d94164e430f987a7ce6a743112bbeb14877c810ef500d1f73d7f56e76d029d2e3413f20d79e3460a9a
  languageName: node
  linkType: hard

"inherits@npm:^2.0.3":
  version: 2.0.4
  resolution: "inherits@npm:2.0.4"
  checksum: 10c0/4e531f648b29039fb7426fb94075e6545faa1eb9fe83c29f0b6d9e7263aceb4289d2d4557db0d428188eeb449cc7c5e77b0a0b2c4e248ff2a65933a0dee49ef2
  languageName: node
  linkType: hard

"is-stream@npm:^2.0.0":
  version: 2.0.1
  resolution: "is-stream@npm:2.0.1"
  checksum: 10c0/7c284241313fc6efc329b8d7f08e16c0efeb6baab1b4cd0ba579eb78e5af1aa5da11e68559896a2067cd6c526bd29241dda4eb1225e627d5aa1a89a76d4635a5
  languageName: node
  linkType: hard

"kuler@npm:^2.0.0":
  version: 2.0.0
  resolution: "kuler@npm:2.0.0"
  checksum: 10c0/0a4e99d92ca373f8f74d1dc37931909c4d0d82aebc94cf2ba265771160fc12c8df34eaaac80805efbda367e2795cb1f1dd4c3d404b6b1cf38aec94035b503d2d
  languageName: node
  linkType: hard

"logform@npm:^2.7.0":
  version: 2.7.0
  resolution: "logform@npm:2.7.0"
  dependencies:
    "@colors/colors": "npm:1.6.0"
    "@types/triple-beam": "npm:^1.3.2"
    fecha: "npm:^4.2.0"
    ms: "npm:^2.1.1"
    safe-stable-stringify: "npm:^2.3.1"
    triple-beam: "npm:^1.3.0"
  checksum: 10c0/4789b4b37413c731d1835734cb799240d31b865afde6b7b3e06051d6a4127bfda9e88c99cfbf296d084a315ccbed2647796e6a56b66e725bcb268c586f57558f
  languageName: node
  linkType: hard

"long@npm:5, long@npm:^5.3.2":
  version: 5.3.2
  resolution: "long@npm:5.3.2"
  checksum: 10c0/7130fe1cbce2dca06734b35b70d380ca3f70271c7f8852c922a7c62c86c4e35f0c39290565eca7133c625908d40e126ac57c02b1b1a4636b9457d77e1e60b981
  languageName: node
  linkType: hard

"ms@npm:^2.1.1":
  version: 2.1.3
  resolution: "ms@npm:2.1.3"
  checksum: 10c0/d924b57e7312b3b63ad21fc5b3dc0af5e78d61a1fc7cfb5457edaf26326bf62be5307cc87ffb6862ef1c2b33b0233cdb5d4f01c4c958cc0d660948b65a287a48
  languageName: node
  linkType: hard

"one-time@npm:^1.0.0":
  version: 1.0.0
  resolution: "one-time@npm:1.0.0"
  dependencies:
    fn.name: "npm:1.x.x"
  checksum: 10c0/6e4887b331edbb954f4e915831cbec0a7b9956c36f4feb5f6de98c448ac02ff881fd8d9b55a6b1b55030af184c6b648f340a76eb211812f4ad8c9b4b8692fdaa
  languageName: node
  linkType: hard

"pg-cloudflare@npm:^1.4.0":
  version: 1.4.0
  resolution: "pg-cloudflare@npm:1.4.0"
  checksum: 10c0/553764d00055052648393cda53c1feb065991d6f9fbfdeb56cf8396c5b33377ab2897aaf5dc9cd3933d09023a1f01e8b1ca755431dcf5fd71c92ea277e2888f1
  languageName: node
  linkType: hard

"pg-connection-string@npm:^2.14.0":
  version: 2.14.0
  resolution: "pg-connection-string@npm:2.14.0"
  checksum: 10c0/c26d85970f782de72b90aa45b4acfa34df90242fc08bc676e8827297164044dbfb40a2cf20b0646bd02662a6b14c5ed27f322db627e41e582f2b705bc41e8b47
  languageName: node
  linkType: hard

"pg-int8@npm:1.0.1":
  version: 1.0.1
  resolution: "pg-int8@npm:1.0.1"
  checksum: 10c0/be6a02d851fc2a4ae3e9de81710d861de3ba35ac927268973eb3cb618873a05b9424656df464dd43bd7dc3fc5295c3f5b3c8349494f87c7af50ec59ef14e0b98
  languageName: node
  linkType: hard

"pg-pool@npm:^3.14.0":
  version: 3.14.0
  resolution: "pg-pool@npm:3.14.0"
  peerDependencies:
    pg: ">=8.0"
  checksum: 10c0/3dd706e67e3b317e29409d9eb3bd44e960eabd86db2a9711a9391bbd43881f8ce7a5f7054a341509558ee05e9bf0a3cc7aef037039da0790ce1e16762ade3ba6
  languageName: node
  linkType: hard

"pg-protocol@npm:*, pg-protocol@npm:^1.16.0":
  version: 1.16.0
  resolution: "pg-protocol@npm:1.16.0"
  checksum: 10c0/8ea4a8f4970aa0ca1e5bf9a482da0a41a043d7470fbaf7592736971146b09a2a4003d953c0091b72fc30bf7a7994a0b7fdf897bf50cd219787bd22806b3ffb04
  languageName: node
  linkType: hard

"pg-types@npm:2.2.0, pg-types@npm:^2.2.0":
  version: 2.2.0
  resolution: "pg-types@npm:2.2.0"
  dependencies:
    pg-int8: "npm:1.0.1"
    postgres-array: "npm:~2.0.0"
    postgres-bytea: "npm:~1.0.0"
    postgres-date: "npm:~1.0.4"
    postgres-interval: "npm:^1.1.0"
  checksum: 10c0/ab3f8069a323f601cd2d2279ca8c425447dab3f9b61d933b0601d7ffc00d6200df25e26a4290b2b0783b59278198f7dd2ed03e94c4875797919605116a577c65
  languageName: node
  linkType: hard

"pg@npm:^8.14.1":
  version: 8.23.0
  resolution: "pg@npm:8.23.0"
  dependencies:
    pg-cloudflare: "npm:^1.4.0"
    pg-connection-string: "npm:^2.14.0"
    pg-pool: "npm:^3.14.0"
    pg-protocol: "npm:^1.16.0"
    pg-types: "npm:2.2.0"
    pgpass: "npm:1.0.5"
  peerDependencies:
    pg-native: ">=3.0.1"
  dependenciesMeta:
    pg-cloudflare:
      optional: true
  peerDependenciesMeta:
    pg-native:
      optional: true
  checksum: 10c0/11ce12a71b4239588c18f078531c378d5bcdbcb9ea892e080a6e71f91aaece2b4b8fd93ee5777f94210f9258ff56161f8ed1a45050c32d295aaca037bba12ee8
  languageName: node
  linkType: hard

"pgpass@npm:1.0.5":
  version: 1.0.5
  resolution: "pgpass@npm:1.0.5"
  dependencies:
    split2: "npm:^4.1.0"
  checksum: 10c0/5ea6c9b2de04c33abb08d33a2dded303c4a3c7162a9264519cbe85c0a9857d712463140ba42fad0c7cd4b21f644dd870b45bb2e02fcbe505b4de0744fd802c1d
  languageName: node
  linkType: hard

"postgres-array@npm:~2.0.0":
  version: 2.0.0
  resolution: "postgres-array@npm:2.0.0"
  checksum: 10c0/cbd56207e4141d7fbf08c86f2aebf21fa7064943d3f808ec85f442ff94b48d891e7a144cc02665fb2de5dbcb9b8e3183a2ac749959e794b4a4cfd379d7a21d08
  languageName: node
  linkType: hard

"postgres-bytea@npm:~1.0.0":
  version: 1.0.1
  resolution: "postgres-bytea@npm:1.0.1"
  checksum: 10c0/10b28a27c9d703d5befd97c443e62b551096d1014bc59ab574c65bf0688de7f3f068003b2aea8dcff83cf0f6f9a35f9f74457c38856cf8eb81b00cf3fb44f164
  languageName: node
  linkType: hard

"postgres-date@npm:~1.0.4":
  version: 1.0.7
  resolution: "postgres-date@npm:1.0.7"
  checksum: 10c0/0ff91fccc64003e10b767fcfeefb5eaffbc522c93aa65d5051c49b3c4ce6cb93ab091a7d22877a90ad60b8874202c6f1d0f935f38a7235ed3b258efd54b97ca9
  languageName: node
  linkType: hard

"postgres-interval@npm:^1.1.0":
  version: 1.2.0
  resolution: "postgres-interval@npm:1.2.0"
  dependencies:
    xtend: "npm:^4.0.0"
  checksum: 10c0/c1734c3cb79e7f22579af0b268a463b1fa1d084e742a02a7a290c4f041e349456f3bee3b4ee0bb3f226828597f7b76deb615c1b857db9a742c45520100456272
  languageName: node
  linkType: hard

"protobufjs@npm:^7.6.3":
  version: 7.6.5
  resolution: "protobufjs@npm:7.6.5"
  dependencies:
    "@protobufjs/aspromise": "npm:^1.1.2"
    "@protobufjs/base64": "npm:^1.1.2"
    "@protobufjs/codegen": "npm:^2.0.5"
    "@protobufjs/eventemitter": "npm:^1.1.1"
    "@protobufjs/fetch": "npm:^1.1.1"
    "@protobufjs/float": "npm:^1.0.2"
    "@protobufjs/path": "npm:^1.1.2"
    "@protobufjs/pool": "npm:^1.1.0"
    "@protobufjs/utf8": "npm:^1.1.1"
    "@types/node": "npm:>=13.7.0"
    long: "npm:^5.3.2"
  checksum: 10c0/863eaca9c6f45bfcfb8787c545f53e9c6696507e328e3981b4643c12d35df7f2826021c10e3fd30bef342c13a8e9d306547bac9c0849ee3bf50f770a12f01dc5
  languageName: node
  linkType: hard

"readable-stream@npm:^3.4.0, readable-stream@npm:^3.6.2":
  version: 3.6.2
  resolution: "readable-stream@npm:3.6.2"
  dependencies:
    inherits: "npm:^2.0.3"
    string_decoder: "npm:^1.1.1"
    util-deprecate: "npm:^1.0.1"
  checksum: 10c0/e37be5c79c376fdd088a45fa31ea2e423e5d48854be7a22a58869b4e84d25047b193f6acb54f1012331e1bcd667ffb569c01b99d36b0bd59658fb33f513511b7
  languageName: node
  linkType: hard

"safe-buffer@npm:~5.2.0":
  version: 5.2.1
  resolution: "safe-buffer@npm:5.2.1"
  checksum: 10c0/6501914237c0a86e9675d4e51d89ca3c21ffd6a31642efeba25ad65720bce6921c9e7e974e5be91a786b25aa058b5303285d3c15dbabf983a919f5f630d349f3
  languageName: node
  linkType: hard

"safe-stable-stringify@npm:^2.3.1":
  version: 2.5.0
  resolution: "safe-stable-stringify@npm:2.5.0"
  checksum: 10c0/baea14971858cadd65df23894a40588ed791769db21bafb7fd7608397dbdce9c5aac60748abae9995e0fc37e15f2061980501e012cd48859740796bea2987f49
  languageName: node
  linkType: hard

"split2@npm:^4.1.0":
  version: 4.2.0
  resolution: "split2@npm:4.2.0"
  checksum: 10c0/b292beb8ce9215f8c642bb68be6249c5a4c7f332fc8ecadae7be5cbdf1ea95addc95f0459ef2e7ad9d45fd1064698a097e4eb211c83e772b49bc0ee423e91534
  languageName: node
  linkType: hard

"stack-trace@npm:0.0.x":
  version: 0.0.10
  resolution: "stack-trace@npm:0.0.10"
  checksum: 10c0/9ff3dabfad4049b635a85456f927a075c9d0c210e3ea336412d18220b2a86cbb9b13ec46d6c37b70a302a4ea4d49e30e5d4944dd60ae784073f1cde778ac8f4b
  languageName: node
  linkType: hard

"string_decoder@npm:^1.1.1":
  version: 1.3.0
  resolution: "string_decoder@npm:1.3.0"
  dependencies:
    safe-buffer: "npm:~5.2.0"
  checksum: 10c0/810614ddb030e271cd591935dcd5956b2410dd079d64ff92a1844d6b7588bf992b3e1b69b0f4d34a3e06e0bd73046ac646b5264c1987b20d0601f81ef35d731d
  languageName: node
  linkType: hard

"text-hex@npm:1.0.x":
  version: 1.0.0
  resolution: "text-hex@npm:1.0.0"
  checksum: 10c0/57d8d320d92c79d7c03ffb8339b825bb9637c2cbccf14304309f51d8950015c44464b6fd1b6820a3d4821241c68825634f09f5a2d9d501e84f7c6fd14376860d
  languageName: node
  linkType: hard

"triple-beam@npm:^1.3.0":
  version: 1.4.1
  resolution: "triple-beam@npm:1.4.1"
  checksum: 10c0/4bf1db71e14fe3ff1c3adbe3c302f1fdb553b74d7591a37323a7badb32dc8e9c290738996cbb64f8b10dc5a3833645b5d8c26221aaaaa12e50d1251c9aba2fea
  languageName: node
  linkType: hard

"typescript@npm:^5.0.4":
  version: 5.9.3
  resolution: "typescript@npm:5.9.3"
  bin:
    tsc: bin/tsc
    tsserver: bin/tsserver
  checksum: 10c0/6bd7552ce39f97e711db5aa048f6f9995b53f1c52f7d8667c1abdc1700c68a76a308f579cd309ce6b53646deb4e9a1be7c813a93baaf0a28ccd536a30270e1c5
  languageName: node
  linkType: hard

"typescript@patch:typescript@npm%3A^5.0.4#optional!builtin<compat/typescript>":
  version: 5.9.3
  resolution: "typescript@patch:typescript@npm%3A5.9.3#optional!builtin<compat/typescript>::version=5.9.3&hash=5786d5"
  bin:
    tsc: bin/tsc
    tsserver: bin/tsserver
  checksum: 10c0/ad09fdf7a756814dce65bc60c1657b40d44451346858eea230e10f2e95a289d9183b6e32e5c11e95acc0ccc214b4f36289dcad4bf1886b0adb84d711d336a430
  languageName: node
  linkType: hard

"undici-types@npm:~6.21.0":
  version: 6.21.0
  resolution: "undici-types@npm:6.21.0"
  checksum: 10c0/c01ed51829b10aa72fc3ce64b747f8e74ae9b60eafa19a7b46ef624403508a54c526ffab06a14a26b3120d055e1104d7abe7c9017e83ced038ea5cf52f8d5e04
  languageName: node
  linkType: hard

"undici-types@npm:~8.3.0":
  version: 8.3.0
  resolution: "undici-types@npm:8.3.0"
  checksum: 10c0/c8aa7e2fbebfce519654dafadc0ece59be888d2ccaf180fb4495da875e7b536d2456345c384069c7e6f3e9c9ab7435f074957da306f142343eee86ff8048855a
  languageName: node
  linkType: hard

"util-deprecate@npm:^1.0.1":
  version: 1.0.2
  resolution: "util-deprecate@npm:1.0.2"
  checksum: 10c0/41a5bdd214df2f6c3ecf8622745e4a366c4adced864bc3c833739791aeeeb1838119af7daed4ba36428114b5c67dcda034a79c882e97e43c03e66a4dd7389942
  languageName: node
  linkType: hard

"winston-transport@npm:^4.9.0":
  version: 4.9.0
  resolution: "winston-transport@npm:4.9.0"
  dependencies:
    logform: "npm:^2.7.0"
    readable-stream: "npm:^3.6.2"
    triple-beam: "npm:^1.3.0"
  checksum: 10c0/e2990a172e754dbf27e7823772214a22dc8312f7ec9cfba831e5ef30a5d5528792e5ea8f083c7387ccfc5b2af20e3691f64738546c8869086110a26f98671095
  languageName: node
  linkType: hard

"winston@npm:^3.17.0":
  version: 3.19.0
  resolution: "winston@npm:3.19.0"
  dependencies:
    "@colors/colors": "npm:^1.6.0"
    "@dabh/diagnostics": "npm:^2.0.8"
    async: "npm:^3.2.3"
    is-stream: "npm:^2.0.0"
    logform: "npm:^2.7.0"
    one-time: "npm:^1.0.0"
    readable-stream: "npm:^3.4.0"
    safe-stable-stringify: "npm:^2.3.1"
    stack-trace: "npm:0.0.x"
    triple-beam: "npm:^1.3.0"
    winston-transport: "npm:^4.9.0"
  checksum: 10c0/341a8ccfb726120209d34e2466040e2ca72cadb1a3402c4fc90425facad002b81275675b4ab9b4432a624311bc47ef7c9fb7652c86fca454d2be2f2ee1882226
  languageName: node
  linkType: hard

"xtend@npm:^4.0.0":
  version: 4.0.2
  resolution: "xtend@npm:4.0.2"
  checksum: 10c0/366ae4783eec6100f8a02dff02ac907bf29f9a00b82ac0264b4d8b832ead18306797e283cf19de776538babfdcb2101375ec5646b59f08c52128ac4ab812ed0e
  languageName: node
  linkType: hard
